
Microsoft Visual Studio Solution File, Format Version 11.00
# Visual Studio 2010
Project("{FAE04EC0-301F-11D3-BF4B-00C04F79EFBC}") = "Hitscan_FPS", "Assembly-CSharp.csproj", "{861DF80A-D759-97D3-27FF-01CA5901D6F1}"
EndProject
Project("{FAE04EC0-301F-11D3-BF4B-00C04F79EFBC}") = "Hitscan_FPS", "Assembly-CSharp-Editor.csproj", "{CE6A848B-6BA5-6CDC-13AC-0891FD98650E}"
EndProject
Global
	GlobalSection(SolutionConfigurationPlatforms) = preSolution
		Debug|Any CPU = Debug|Any CPU
		Release|Any CPU = Release|Any CPU
	EndGlobalSection
	GlobalSection(ProjectConfigurationPlatforms) = postSolution
		{861DF80A-D759-97D3-27FF-01CA5901D6F1}.Debug|Any CPU.ActiveCfg = Debug|Any CPU
		{861DF80A-D759-97D3-27FF-01CA5901D6F1}.Debug|Any CPU.Build.0 = Debug|Any CPU
		{861DF80A-D759-97D3-27FF-01CA5901D6F1}.Release|Any CPU.ActiveCfg = Release|Any CPU
		{861DF80A-D759-97D3-27FF-01CA5901D6F1}.Release|Any CPU.Build.0 = Release|Any CPU
		{CE6A848B-6BA5-6CDC-13AC-0891FD98650E}.Debug|Any CPU.ActiveCfg = Debug|Any CPU
		{CE6A848B-6BA5-6CDC-13AC-0891FD98650E}.Debug|Any CPU.Build.0 = Debug|Any CPU
		{CE6A848B-6BA5-6CDC-13AC-0891FD98650E}.Release|Any CPU.ActiveCfg = Release|Any CPU
		{CE6A848B-6BA5-6CDC-13AC-0891FD98650E}.Release|Any CPU.Build.0 = Release|Any CPU
	EndGlobalSection
	GlobalSection(SolutionProperties) = preSolution
		HideSolutionNode = FALSE
	EndGlobalSection
	GlobalSection(MonoDevelopProperties) = preSolution
		StartupItem = Assembly-CSharp.csproj
	EndGlobalSection
EndGlobal
